
Microsoft Visual Studio Solution File, Format Version 12.00
# Visual Studio Version 17
VisualStudioVersion = 17.9.34728.123
MinimumVisualStudioVersion = 10.0.40219.1
Project("{FAE04EC0-301F-11D3-BF4B-00C04F79EFBC}") = "QbitGuncelle_web", "QbitGuncelle_web.csproj", "{4FE72147-E4C9-454A-A09E-09A9B4305219}"
EndProject
Global
	GlobalSection(SolutionConfigurationPlatforms) = preSolution
		Debug|Any CPU = Debug|Any CPU
		Release|Any CPU = Release|Any CPU
	EndGlobalSection
	GlobalSection(ProjectConfigurationPlatforms) = postSolution
		{4FE72147-E4C9-454A-A09E-09A9B4305219}.Debug|Any CPU.ActiveCfg = Debug|Any CPU
		{4FE72147-E4C9-454A-A09E-09A9B4305219}.Debug|Any CPU.Build.0 = Debug|Any CPU
		{4FE72147-E4C9-454A-A09E-09A9B4305219}.Release|Any CPU.ActiveCfg = Release|Any CPU
		{4FE72147-E4C9-454A-A09E-09A9B4305219}.Release|Any CPU.Build.0 = Release|Any CPU
	EndGlobalSection
	GlobalSection(SolutionProperties) = preSolution
		HideSolutionNode = FALSE
	EndGlobalSection
	GlobalSection(ExtensibilityGlobals) = postSolution
		SolutionGuid = {D2920E2F-9337-4D88-A9D3-3DD31F9AC341}
	EndGlobalSection
EndGlobal
